// !$*UTF8*$!
{
	archiveVersion = 1;
	classes = {
	};
	objectVersion = 46;
	objects = {

/* Begin PBXBuildFile section */
		2D50E8DC1B4EAE5400CED0CB /* main.m in Sources */ = {isa = PBXBuildFile; fileRef = 2D50E8DB1B4EAE5400CED0CB /* main.m */; };
		2D50E8DF1B4EAE5400CED0CB /* AppDelegate.m in Sources */ = {isa = PBXBuildFile; fileRef = 2D50E8DE1B4EAE5400CED0CB /* AppDelegate.m */; };
		2D50E8E21B4EAE5400CED0CB /* ViewController.m in Sources */ = {isa = PBXBuildFile; fileRef = 2D50E8E11B4EAE5400CED0CB /* ViewController.m */; };
		2D50E8E51B4EAE5400CED0CB /* Main.storyboard in Resources */ = {isa = PBXBuildFile; fileRef = 2D50E8E31B4EAE5400CED0CB /* Main.storyboard */; };
		2D50E8E71B4EAE5400CED0CB /* Images.xcassets in Resources */ = {isa = PBXBuildFile; fileRef = 2D50E8E61B4EAE5400CED0CB /* Images.xcassets */; };
		2D50E8EA1B4EAE5400CED0CB /* LaunchScreen.xib in Resources */ = {isa = PBXBuildFile; fileRef = 2D50E8E81B4EAE5400CED0CB /* LaunchScreen.xib */; };
		2D50E8F61B4EAE5400CED0CB /* EBTLoadNoDataViewDemoTests.m in Sources */ = {isa = PBXBuildFile; fileRef = 2D50E8F51B4EAE5400CED0CB /* EBTLoadNoDataViewDemoTests.m */; };
		2D50E9011B4EAE5D00CED0CB /* EBTLoadNoDataView.m in Sources */ = {isa = PBXBuildFile; fileRef = 2D50E9001B4EAE5D00CED0CB /* EBTLoadNoDataView.m */; };
		2D50E9041B4EB1F200CED0CB /* SecondViewController.m in Sources */ = {isa = PBXBuildFile; fileRef = 2D50E9031B4EB1F200CED0CB /* SecondViewController.m */; };
		2D50E9071B4EB20C00CED0CB /* TestCell.m in Sources */ = {isa = PBXBuildFile; fileRef = 2D50E9061B4EB20C00CED0CB /* TestCell.m */; };
/* End PBXBuildFile section */

/* Begin PBXContainerItemProxy section */
		2D50E8F01B4EAE5400CED0CB /* PBXContainerItemProxy */ = {
			isa = PBXContainerItemProxy;
			containerPortal = 2D50E8CE1B4EAE5400CED0CB /* Project object */;
			proxyType = 1;
			remoteGlobalIDString = 2D50E8D51B4EAE5400CED0CB;
			remoteInfo = EBTLoadNoDataViewDemo;
		};
/* End PBXContainerItemProxy section */

/* Begin PBXFileReference section */
		2D50E8D61B4EAE5400CED0CB /* EBTLoadNoDataViewDemo.app */ = {isa = PBXFileReference; explicitFileType = wrapper.application; includeInIndex = 0; path = EBTLoadNoDataViewDemo.app; sourceTree = BUILT_PRODUCTS_DIR; };
		2D50E8DA1B4EAE5400CED0CB /* Info.plist */ = {isa = PBXFileReference; lastKnownFileType = text.plist.xml; path = Info.plist; sourceTree = "<group>"; };
		2D50E8DB1B4EAE5400CED0CB /* main.m */ = {isa = PBXFileReference; lastKnownFileType = sourcecode.c.objc; path = main.m; sourceTree = "<group>"; };
		2D50E8DD1B4EAE5400CED0CB /* AppDelegate.h */ = {isa = PBXFileReference; lastKnownFileType = sourcecode.c.h; path = AppDelegate.h; sourceTree = "<group>"; };
		2D50E8DE1B4EAE5400CED0CB /* AppDelegate.m */ = {isa = PBXFileReference; lastKnownFileType = sourcecode.c.objc; path = AppDelegate.m; sourceTree = "<group>"; };
		2D50E8E01B4EAE5400CED0CB /* ViewController.h */ = {isa = PBXFileReference; lastKnownFileType = sourcecode.c.h; path = ViewController.h; sourceTree = "<group>"; };
		2D50E8E11B4EAE5400CED0CB /* ViewController.m */ = {isa = PBXFileReference; lastKnownFileType = sourcecode.c.objc; path = ViewController.m; sourceTree = "<group>"; };
		2D50E8E41B4EAE5400CED0CB /* Base */ = {isa = PBXFileReference; lastKnownFileType = file.storyboard; name = Base; path = Base.lproj/Main.storyboard; sourceTree = "<group>"; };
		2D50E8E61B4EAE5400CED0CB /* Images.xcassets */ = {isa = PBXFileReference; lastKnownFileType = folder.assetcatalog; path = Images.xcassets; sourceTree = "<group>"; };
		2D50E8E91B4EAE5400CED0CB /* Base */ = {isa = PBXFileReference; lastKnownFileType = file.xib; name = Base; path = Base.lproj/LaunchScreen.xib; sourceTree = "<group>"; };
		2D50E8EF1B4EAE5400CED0CB /* EBTLoadNoDataViewDemoTests.xctest */ = {isa = PBXFileReference; explicitFileType = wrapper.cfbundle; includeInIndex = 0; path = EBTLoadNoDataViewDemoTests.xctest; sourceTree = BUILT_PRODUCTS_DIR; };
		2D50E8F41B4EAE5400CED0CB /* Info.plist */ = {isa = PBXFileReference; lastKnownFileType = text.plist.xml; path = Info.plist; sourceTree = "<group>"; };
		2D50E8F51B4EAE5400CED0CB /* EBTLoadNoDataViewDemoTests.m */ = {isa = PBXFileReference; lastKnownFileType = sourcecode.c.objc; path = EBTLoadNoDataViewDemoTests.m; sourceTree = "<group>"; };
		2D50E8FF1B4EAE5D00CED0CB /* EBTLoadNoDataView.h */ = {isa = PBXFileReference; fileEncoding = 4; lastKnownFileType = sourcecode.c.h; path = EBTLoadNoDataView.h; sourceTree = "<group>"; };
		2D50E9001B4EAE5D00CED0CB /* EBTLoadNoDataView.m */ = {isa = PBXFileReference; fileEncoding = 4; lastKnownFileType = sourcecode.c.objc; path = EBTLoadNoDataView.m; sourceTree = "<group>"; };
		2D50E9021B4EB1F200CED0CB /* SecondViewController.h */ = {isa = PBXFileReference; fileEncoding = 4; lastKnownFileType = sourcecode.c.h; path = SecondViewController.h; sourceTree = "<group>"; };
		2D50E9031B4EB1F200CED0CB /* SecondViewController.m */ = {isa = PBXFileReference; fileEncoding = 4; lastKnownFileType = sourcecode.c.objc; path = SecondViewController.m; sourceTree = "<group>"; };
		2D50E9051B4EB20C00CED0CB /* TestCell.h */ = {isa = PBXFileReference; fileEncoding = 4; lastKnownFileType = sourcecode.c.h; path = TestCell.h; sourceTree = "<group>"; };
		2D50E9061B4EB20C00CED0CB /* TestCell.m */ = {isa = PBXFileReference; fileEncoding = 4; lastKnownFileType = sourcecode.c.objc; path = TestCell.m; sourceTree = "<group>"; };
/* End PBXFileReference section */

/* Begin PBXFrameworksBuildPhase section */
		2D50E8D31B4EAE5400CED0CB /* Frameworks */ = {
			isa = PBXFrameworksBuildPhase;
			buildActionMask = 2147483647;
			files = (
			);
			runOnlyForDeploymentPostprocessing = 0;
		};
		2D50E8EC1B4EAE5400CED0CB /* Frameworks */ = {
			isa = PBXFrameworksBuildPhase;
			buildActionMask = 2147483647;
			files = (
			);
			runOnlyForDeploymentPostprocessing = 0;
		};
/* End PBXFrameworksBuildPhase section */

/* Begin PBXGroup section */
		2D50E8CD1B4EAE5400CED0CB = {
			isa = PBXGroup;
			children = (
				2D50E8D81B4EAE5400CED0CB /* EBTLoadNoDataViewDemo */,
				2D50E8F21B4EAE5400CED0CB /* EBTLoadNoDataViewDemoTests */,
				2D50E8D71B4EAE5400CED0CB /* Products */,
			);
			sourceTree = "<group>";
		};
		2D50E8D71B4EAE5400CED0CB /* Products */ = {
			isa = PBXGroup;
			children = (
				2D50E8D61B4EAE5400CED0CB /* EBTLoadNoDataViewDemo.app */,
				2D50E8EF1B4EAE5400CED0CB /* EBTLoadNoDataViewDemoTests.xctest */,
			);
			name = Products;
			sourceTree = "<group>";
		};
		2D50E8D81B4EAE5400CED0CB /* EBTLoadNoDataViewDemo */ = {
			isa = PBXGroup;
			children = (
				2D50E8DD1B4EAE5400CED0CB /* AppDelegate.h */,
				2D50E8DE1B4EAE5400CED0CB /* AppDelegate.m */,
				2D50E8E01B4EAE5400CED0CB /* ViewController.h */,
				2D50E8FF1B4EAE5D00CED0CB /* EBTLoadNoDataView.h */,
				2D50E9001B4EAE5D00CED0CB /* EBTLoadNoDataView.m */,
				2D50E8E11B4EAE5400CED0CB /* ViewController.m */,
				2D50E8E31B4EAE5400CED0CB /* Main.storyboard */,
				2D50E8E61B4EAE5400CED0CB /* Images.xcassets */,
				2D50E8E81B4EAE5400CED0CB /* LaunchScreen.xib */,
				2D50E8D91B4EAE5400CED0CB /* Supporting Files */,
				2D50E9021B4EB1F200CED0CB /* SecondViewController.h */,
				2D50E9031B4EB1F200CED0CB /* SecondViewController.m */,
			);
			path = EBTLoadNoDataViewDemo;
			sourceTree = "<group>";
		};
		2D50E8D91B4EAE5400CED0CB /* Supporting Files */ = {
			isa = PBXGroup;
			children = (
				2D50E8DA1B4EAE5400CED0CB /* Info.plist */,
				2D50E8DB1B4EAE5400CED0CB /* main.m */,
				2D50E9051B4EB20C00CED0CB /* TestCell.h */,
				2D50E9061B4EB20C00CED0CB /* TestCell.m */,
			);
			name = "Supporting Files";
			sourceTree = "<group>";
		};
		2D50E8F21B4EAE5400CED0CB /* EBTLoadNoDataViewDemoTests */ = {
			isa = PBXGroup;
			children = (
				2D50E8F51B4EAE5400CED0CB /* EBTLoadNoDataViewDemoTests.m */,
				2D50E8F31B4EAE5400CED0CB /* Supporting Files */,
			);
			path = EBTLoadNoDataViewDemoTests;
			sourceTree = "<group>";
		};
		2D50E8F31B4EAE5400CED0CB /* Supporting Files */ = {
			isa = PBXGroup;
			children = (
				2D50E8F41B4EAE5400CED0CB /* Info.plist */,
			);
			name = "Supporting Files";
			sourceTree = "<group>";
		};
/* End PBXGroup section */

/* Begin PBXNativeTarget section */
		2D50E8D51B4EAE5400CED0CB /* EBTLoadNoDataViewDemo */ = {
			isa = PBXNativeTarget;
			buildConfigurationList = 2D50E8F91B4EAE5400CED0CB /* Build configuration list for PBXNativeTarget "EBTLoadNoDataViewDemo" */;
			buildPhases = (
				2D50E8D21B4EAE5400CED0CB /* Sources */,
				2D50E8D31B4EAE5400CED0CB /* Frameworks */,
				2D50E8D41B4EAE5400CED0CB /* Resources */,
			);
			buildRules = (
			);
			dependencies = (
			);
			name = EBTLoadNoDataViewDemo;
			productName = EBTLoadNoDataViewDemo;
			productReference = 2D50E8D61B4EAE5400CED0CB /* EBTLoadNoDataViewDemo.app */;
			productType = "com.apple.product-type.application";
		};
		2D50E8EE1B4EAE5400CED0CB /* EBTLoadNoDataViewDemoTests */ = {
			isa = PBXNativeTarget;
			buildConfigurationList = 2D50E8FC1B4EAE5400CED0CB /* Build configuration list for PBXNativeTarget "EBTLoadNoDataViewDemoTests" */;
			buildPhases = (
				2D50E8EB1B4EAE5400CED0CB /* Sources */,
				2D50E8EC1B4EAE5400CED0CB /* Frameworks */,
				2D50E8ED1B4EAE5400CED0CB /* Resources */,
			);
			buildRules = (
			);
			dependencies = (
				2D50E8F11B4EAE5400CED0CB /* PBXTargetDependency */,
			);
			name = EBTLoadNoDataViewDemoTests;
			productName = EBTLoadNoDataViewDemoTests;
			productReference = 2D50E8EF1B4EAE5400CED0CB /* EBTLoadNoDataViewDemoTests.xctest */;
			productType = "com.apple.product-type.bundle.unit-test";
		};
/* End PBXNativeTarget section */

/* Begin PBXProject section */
		2D50E8CE1B4EAE5400CED0CB /* Project object */ = {
			isa = PBXProject;
			attributes = {
				LastUpgradeCheck = 0630;
				ORGANIZATIONNAME = TJ;
				TargetAttributes = {
					2D50E8D51B4EAE5400CED0CB = {
						CreatedOnToolsVersion = 6.3.2;
					};
					2D50E8EE1B4EAE5400CED0CB = {
						CreatedOnToolsVersion = 6.3.2;
						TestTargetID = 2D50E8D51B4EAE5400CED0CB;
					};
				};
			};
			buildConfigurationList = 2D50E8D11B4EAE5400CED0CB /* Build configuration list for PBXProject "EBTLoadNoDataViewDemo" */;
			compatibilityVersion = "Xcode 3.2";
			developmentRegion = English;
			hasScannedForEncodings = 0;
			knownRegions = (
				en,
				Base,
			);
			mainGroup = 2D50E8CD1B4EAE5400CED0CB;
			productRefGroup = 2D50E8D71B4EAE5400CED0CB /* Products */;
			projectDirPath = "";
			projectRoot = "";
			targets = (
				2D50E8D51B4EAE5400CED0CB /* EBTLoadNoDataViewDemo */,
				2D50E8EE1B4EAE5400CED0CB /* EBTLoadNoDataViewDemoTests */,
			);
		};
/* End PBXProject section */

/* Begin PBXResourcesBuildPhase section */
		2D50E8D41B4EAE5400CED0CB /* Resources */ = {
			isa = PBXResourcesBuildPhase;
			buildActionMask = 2147483647;
			files = (
				2D50E8E51B4EAE5400CED0CB /* Main.storyboard in Resources */,
				2D50E8EA1B4EAE5400CED0CB /* LaunchScreen.xib in Resources */,
				2D50E8E71B4EAE5400CED0CB /* Images.xcassets in Resources */,
			);
			runOnlyForDeploymentPostprocessing = 0;
		};
		2D50E8ED1B4EAE5400CED0CB /* Resources */ = {
			isa = PBXResourcesBuildPhase;
			buildActionMask = 2147483647;
			files = (
			);
			runOnlyForDeploymentPostprocessing = 0;
		};
/* End PBXResourcesBuildPhase section */

/* Begin PBXSourcesBuildPhase section */
		2D50E8D21B4EAE5400CED0CB /* Sources */ = {
			isa = PBXSourcesBuildPhase;
			buildActionMask = 2147483647;
			files = (
				2D50E9041B4EB1F200CED0CB /* SecondViewController.m in Sources */,
				2D50E9071B4EB20C00CED0CB /* TestCell.m in Sources */,
				2D50E8E21B4EAE5400CED0CB /* ViewController.m in Sources */,
				2D50E8DF1B4EAE5400CED0CB /* AppDelegate.m in Sources */,
				2D50E8DC1B4EAE5400CED0CB /* main.m in Sources */,
				2D50E9011B4EAE5D00CED0CB /* EBTLoadNoDataView.m in Sources */,
			);
			runOnlyForDeploymentPostprocessing = 0;
		};
		2D50E8EB1B4EAE5400CED0CB /* Sources */ = {
			isa = PBXSourcesBuildPhase;
			buildActionMask = 2147483647;
			files = (
				2D50E8F61B4EAE5400CED0CB /* EBTLoadNoDataViewDemoTests.m in Sources */,
			);
			runOnlyForDeploymentPostprocessing = 0;
		};
/* End PBXSourcesBuildPhase section */

/* Begin PBXTargetDependency section */
		2D50E8F11B4EAE5400CED0CB /* PBXTargetDependency */ = {
			isa = PBXTargetDependency;
			target = 2D50E8D51B4EAE5400CED0CB /* EBTLoadNoDataViewDemo */;
			targetProxy = 2D50E8F01B4EAE5400CED0CB /* PBXContainerItemProxy */;
		};
/* End PBXTargetDependency section */

/* Begin PBXVariantGroup section */
		2D50E8E31B4EAE5400CED0CB /* Main.storyboard */ = {
			isa = PBXVariantGroup;
			children = (
				2D50E8E41B4EAE5400CED0CB /* Base */,
			);
			name = Main.storyboard;
			sourceTree = "<group>";
		};
		2D50E8E81B4EAE5400CED0CB /* LaunchScreen.xib */ = {
			isa = PBXVariantGroup;
			children = (
				2D50E8E91B4EAE5400CED0CB /* Base */,
			);
			name = LaunchScreen.xib;
			sourceTree = "<group>";
		};
/* End PBXVariantGroup section */

/* Begin XCBuildConfiguration section */
		2D50E8F71B4EAE5400CED0CB /* Debug */ = {
			isa = XCBuildConfiguration;
			buildSettings = {
				ALWAYS_SEARCH_USER_PATHS = NO;
				CLANG_CXX_LANGUAGE_STANDARD = "gnu++0x";
				CLANG_CXX_LIBRARY = "libc++";
				CLANG_ENABLE_MODULES = YES;
				CLANG_ENABLE_OBJC_ARC = YES;
				CLANG_WARN_BOOL_CONVERSION = YES;
				CLANG_WARN_CONSTANT_CONVERSION = YES;
				CLANG_WARN_DIRECT_OBJC_ISA_USAGE = YES_ERROR;
				CLANG_WARN_EMPTY_BODY = YES;
				CLANG_WARN_ENUM_CONVERSION = YES;
				CLANG_WARN_INT_CONVERSION = YES;
				CLANG_WARN_OBJC_ROOT_CLASS = YES_ERROR;
				CLANG_WARN_UNREACHABLE_CODE = YES;
				CLANG_WARN__DUPLICATE_METHOD_MATCH = YES;
				"CODE_SIGN_IDENTITY[sdk=iphoneos*]" = "iPhone Developer";
				COPY_PHASE_STRIP = NO;
				DEBUG_INFORMATION_FORMAT = "dwarf-with-dsym";
				ENABLE_STRICT_OBJC_MSGSEND = YES;
				GCC_C_LANGUAGE_STANDARD = gnu99;
				GCC_DYNAMIC_NO_PIC = NO;
				GCC_NO_COMMON_BLOCKS = YES;
				GCC_OPTIMIZATION_LEVEL = 0;
				GCC_PREPROCESSOR_DEFINITIONS = (
					"DEBUG=1",
					"$(inherited)",
				);
				GCC_SYMBOLS_PRIVATE_EXTERN = NO;
				GCC_WARN_64_TO_32_BIT_CONVERSION = YES;
				GCC_WARN_ABOUT_RETURN_TYPE = YES_ERROR;
				GCC_WARN_UNDECLARED_SELECTOR = YES;
				GCC_WARN_UNINITIALIZED_AUTOS = YES_AGGRESSIVE;
				GCC_WARN_UNUSED_FUNCTION = YES;
				GCC_WARN_UNUSED_VARIABLE = YES;
				IPHONEOS_DEPLOYMENT_TARGET = 8.3;
				MTL_ENABLE_DEBUG_INFO = YES;
				ONLY_ACTIVE_ARCH = YES;
				SDKROOT = iphoneos;
			};
			name = Debug;
		};
		2D50E8F81B4EAE5400CED0CB /* Release */ = {
			isa = XCBuildConfiguration;
			buildSettings = {
				ALWAYS_SEARCH_USER_PATHS = NO;
				CLANG_CXX_LANGUAGE_STANDARD = "gnu++0x";
				CLANG_CXX_LIBRARY = "libc++";
				CLANG_ENABLE_MODULES = YES;
				CLANG_ENABLE_OBJC_ARC = YES;
				CLANG_WARN_BOOL_CONVERSION = YES;
				CLANG_WARN_CONSTANT_CONVERSION = YES;
				CLANG_WARN_DIRECT_OBJC_ISA_USAGE = YES_ERROR;
				CLANG_WARN_EMPTY_BODY = YES;
				CLANG_WARN_ENUM_CONVERSION = YES;
				CLANG_WARN_INT_CONVERSION = YES;
				CLANG_WARN_OBJC_ROOT_CLASS = YES_ERROR;
				CLANG_WARN_UNREACHABLE_CODE = YES;
				CLANG_WARN__DUPLICATE_METHOD_MATCH = YES;
				"CODE_SIGN_IDENTITY[sdk=iphoneos*]" = "iPhone Developer";
				COPY_PHASE_STRIP = NO;
				DEBUG_INFORMATION_FORMAT = "dwarf-with-dsym";
				ENABLE_NS_ASSERTIONS = NO;
				ENABLE_STRICT_OBJC_MSGSEND = YES;
				GCC_C_LANGUAGE_STANDARD = gnu99;
				GCC_NO_COMMON_BLOCKS = YES;
				GCC_WARN_64_TO_32_BIT_CONVERSION = YES;
				GCC_WARN_ABOUT_RETURN_TYPE = YES_ERROR;
				GCC_WARN_UNDECLARED_SELECTOR = YES;
				GCC_WARN_UNINITIALIZED_AUTOS = YES_AGGRESSIVE;
				GCC_WARN_UNUSED_FUNCTION = YES;
				GCC_WARN_UNUSED_VARIABLE = YES;
				IPHONEOS_DEPLOYMENT_TARGET = 8.3;
				MTL_ENABLE_DEBUG_INFO = NO;
				SDKROOT = iphoneos;
				VALIDATE_PRODUCT = YES;
			};
			name = Release;
		};
		2D50E8FA1B4EAE5400CED0CB /* Debug */ = {
			isa = XCBuildConfiguration;
			buildSettings = {
				ASSETCATALOG_COMPILER_APPICON_NAME = AppIcon;
				INFOPLIST_FILE = EBTLoadNoDataViewDemo/Info.plist;
				LD_RUNPATH_SEARCH_PATHS = "$(inherited) @executable_path/Frameworks";
				PRODUCT_NAME = "$(TARGET_NAME)";
			};
			name = Debug;
		};
		2D50E8FB1B4EAE5400CED0CB /* Release */ = {
			isa = XCBuildConfiguration;
			buildSettings = {
				ASSETCATALOG_COMPILER_APPICON_NAME = AppIcon;
				INFOPLIST_FILE = EBTLoadNoDataViewDemo/Info.plist;
				LD_RUNPATH_SEARCH_PATHS = "$(inherited) @executable_path/Frameworks";
				PRODUCT_NAME = "$(TARGET_NAME)";
			};
			name = Release;
		};
		2D50E8FD1B4EAE5400CED0CB /* Debug */ = {
			isa = XCBuildConfiguration;
			buildSettings = {
				BUNDLE_LOADER = "$(TEST_HOST)";
				FRAMEWORK_SEARCH_PATHS = (
					"$(SDKROOT)/Developer/Library/Frameworks",
					"$(inherited)",
				);
				GCC_PREPROCESSOR_DEFINITIONS = (
					"DEBUG=1",
					"$(inherited)",
				);
				INFOPLIST_FILE = EBTLoadNoDataViewDemoTests/Info.plist;
				LD_RUNPATH_SEARCH_PATHS = "$(inherited) @executable_path/Frameworks @loader_path/Frameworks";
				PRODUCT_NAME = "$(TARGET_NAME)";
				TEST_HOST = "$(BUILT_PRODUCTS_DIR)/EBTLoadNoDataViewDemo.app/EBTLoadNoDataViewDemo";
			};
			name = Debug;
		};
		2D50E8FE1B4EAE5400CED0CB /* Release */ = {
			isa = XCBuildConfiguration;
			buildSettings = {
				BUNDLE_LOADER = "$(TEST_HOST)";
				FRAMEWORK_SEARCH_PATHS = (
					"$(SDKROOT)/Developer/Library/Frameworks",
					"$(inherited)",
				);
				INFOPLIST_FILE = EBTLoadNoDataViewDemoTests/Info.plist;
				LD_RUNPATH_SEARCH_PATHS = "$(inherited) @executable_path/Frameworks @loader_path/Frameworks";
				PRODUCT_NAME = "$(TARGET_NAME)";
				TEST_HOST = "$(BUILT_PRODUCTS_DIR)/EBTLoadNoDataViewDemo.app/EBTLoadNoDataViewDemo";
			};
			name = Release;
		};
/* End XCBuildConfiguration section */

/* Begin XCConfigurationList section */
		2D50E8D11B4EAE5400CED0CB /* Build configuration list for PBXProject "EBTLoadNoDataViewDemo" */ = {
			isa = XCConfigurationList;
			buildConfigurations = (
				2D50E8F71B4EAE5400CED0CB /* Debug */,
				2D50E8F81B4EAE5400CED0CB /* Release */,
			);
			defaultConfigurationIsVisible = 0;
			defaultConfigurationName = Release;
		};
		2D50E8F91B4EAE5400CED0CB /* Build configuration list for PBXNativeTarget "EBTLoadNoDataViewDemo" */ = {
			isa = XCConfigurationList;
			buildConfigurations = (
				2D50E8FA1B4EAE5400CED0CB /* Debug */,
				2D50E8FB1B4EAE5400CED0CB /* Release */,
			);
			defaultConfigurationIsVisible = 0;
			defaultConfigurationName = Release;
		};
		2D50E8FC1B4EAE5400CED0CB /* Build configuration list for PBXNativeTarget "EBTLoadNoDataViewDemoTests" */ = {
			isa = XCConfigurationList;
			buildConfigurations = (
				2D50E8FD1B4EAE5400CED0CB /* Debug */,
				2D50E8FE1B4EAE5400CED0CB /* Release */,
			);
			defaultConfigurationIsVisible = 0;
			defaultConfigurationName = Release;
		};
/* End XCConfigurationList section */
	};
	rootObject = 2D50E8CE1B4EAE5400CED0CB /* Project object */;
}
